{
  "name": "autowriter",
  "lockfileVersion": 3,
  "requires": true,
  "packages": {
    "": {
      "dependencies": {
        "framer-motion": "^12.23.6"
      }
    },
    "node_modules/framer-motion": {
      "version": "12.23.6",
      "resolved": "https://registry.npmmirror.com/framer-motion/-/framer-motion-12.23.6.tgz",
      "integrity": "sha512-dsJ389QImVE3lQvM8Mnk99/j8tiZDM/7706PCqvkQ8sSCnpmWxsgX+g0lj7r5OBVL0U36pIecCTBoIWcM2RuKw==",
      "license": "MIT",
      "dependencies": {
        "motion-dom": "^12.23.6",
        "motion-utils": "^12.23.6",
        "tslib": "^2.4.0"
      },
      "peerDependencies": {
        "@emotion/is-prop-valid": "*",
        "react": "^18.0.0 || ^19.0.0",
        "react-dom": "^18.0.0 || ^19.0.0"
      },
      "peerDependenciesMeta": {
        "@emotion/is-prop-valid": {
          "optional": true
        },
        "react": {
          "optional": true
        },
        "react-dom": {
          "optional": true
        }
      }
    },
    "node_modules/motion-dom": {
      "version": "12.23.6",
      "resolved": "https://registry.npmmirror.com/motion-dom/-/motion-dom-12.23.6.tgz",
      "integrity": "sha512-G2w6Nw7ZOVSzcQmsdLc0doMe64O/Sbuc2bVAbgMz6oP/6/pRStKRiVRV4bQfHp5AHYAKEGhEdVHTM+R3FDgi5w==",
      "license": "MIT",
      "dependencies": {
        "motion-utils": "^12.23.6"
      }
    },
    "node_modules/motion-utils": {
      "version": "12.23.6",
      "resolved": "https://registry.npmmirror.com/motion-utils/-/motion-utils-12.23.6.tgz",
      "integrity": "sha512-eAWoPgr4eFEOFfg2WjIsMoqJTW6Z8MTUCgn/GZ3VRpClWBdnbjryiA3ZSNLyxCTmCQx4RmYX6jX1iWHbenUPNQ==",
      "license": "MIT"
    },
    "node_modules/tslib": {
      "version": "2.8.1",
      "resolved": "https://registry.npmmirror.com/tslib/-/tslib-2.8.1.tgz",
      "integrity": "sha512-oJFu94HQb+KVduSUQL7wnpmqnfmLsOA/nAh6b6EH0wCEoK0/mPeXU6c3wKDV83MkOuHPRHtSXKKU99IBazS/2w==",
      "license": "0BSD"
    }
  }
}
